
Microsoft Visual Studio Solution File, Format Version 12.00
# Visual Studio Version 17
VisualStudioVersion = 17.4.33110.190
MinimumVisualStudioVersion = 10.0.40219.1
Project("{FAE04EC0-301F-11D3-BF4B-00C04F79EFBC}") = "Halloumi.Common", "Halloumi.Common\Halloumi.Common.csproj", "{95DD0967-8897-4BA3-AE6A-EF37E8A24733}"
EndProject
Project("{FAE04EC0-301F-11D3-BF4B-00C04F79EFBC}") = "Halloumi.Common.Windows", "Halloumi.Common.Windows\Halloumi.Common.Windows.csproj", "{A1E20C98-48F0-418F-8C20-ECB3478A4DFA}"
EndProject
Project("{FAE04EC0-301F-11D3-BF4B-00C04F79EFBC}") = "Halloumi.Common.TestHarness", "Halloumi.Common.TestHarness\Halloumi.Common.TestHarness.csproj", "{7FEC5917-4189-4E4F-9380-BAF60FEE1065}"
EndProject
Global
	GlobalSection(SolutionConfigurationPlatforms) = preSolution
		Debug|Any CPU = Debug|Any CPU
		Debug|x86 = Debug|x86
		Release|Any CPU = Release|Any CPU
		Release|x86 = Release|x86
	EndGlobalSection
	GlobalSection(ProjectConfigurationPlatforms) = postSolution
		{95DD0967-8897-4BA3-AE6A-EF37E8A24733}.Debug|Any CPU.ActiveCfg = Debug|Any CPU
		{95DD0967-8897-4BA3-AE6A-EF37E8A24733}.Debug|Any CPU.Build.0 = Debug|Any CPU
		{95DD0967-8897-4BA3-AE6A-EF37E8A24733}.Debug|x86.ActiveCfg = Debug|x86
		{95DD0967-8897-4BA3-AE6A-EF37E8A24733}.Debug|x86.Build.0 = Debug|x86
		{95DD0967-8897-4BA3-AE6A-EF37E8A24733}.Release|Any CPU.ActiveCfg = Release|Any CPU
		{95DD0967-8897-4BA3-AE6A-EF37E8A24733}.Release|Any CPU.Build.0 = Release|Any CPU
		{95DD0967-8897-4BA3-AE6A-EF37E8A24733}.Release|x86.ActiveCfg = Release|x86
		{95DD0967-8897-4BA3-AE6A-EF37E8A24733}.Release|x86.Build.0 = Release|x86
		{A1E20C98-48F0-418F-8C20-ECB3478A4DFA}.Debug|Any CPU.ActiveCfg = Debug|Any CPU
		{A1E20C98-48F0-418F-8C20-ECB3478A4DFA}.Debug|Any CPU.Build.0 = Debug|Any CPU
		{A1E20C98-48F0-418F-8C20-ECB3478A4DFA}.Debug|x86.ActiveCfg = Debug|x86
		{A1E20C98-48F0-418F-8C20-ECB3478A4DFA}.Debug|x86.Build.0 = Debug|x86
		{A1E20C98-48F0-418F-8C20-ECB3478A4DFA}.Release|Any CPU.ActiveCfg = Release|Any CPU
		{A1E20C98-48F0-418F-8C20-ECB3478A4DFA}.Release|Any CPU.Build.0 = Release|Any CPU
		{A1E20C98-48F0-418F-8C20-ECB3478A4DFA}.Release|x86.ActiveCfg = Release|x86
		{A1E20C98-48F0-418F-8C20-ECB3478A4DFA}.Release|x86.Build.0 = Release|x86
		{7FEC5917-4189-4E4F-9380-BAF60FEE1065}.Debug|Any CPU.ActiveCfg = Debug|Any CPU
		{7FEC5917-4189-4E4F-9380-BAF60FEE1065}.Debug|Any CPU.Build.0 = Debug|Any CPU
		{7FEC5917-4189-4E4F-9380-BAF60FEE1065}.Debug|x86.ActiveCfg = Debug|Any CPU
		{7FEC5917-4189-4E4F-9380-BAF60FEE1065}.Debug|x86.Build.0 = Debug|Any CPU
		{7FEC5917-4189-4E4F-9380-BAF60FEE1065}.Release|Any CPU.ActiveCfg = Release|Any CPU
		{7FEC5917-4189-4E4F-9380-BAF60FEE1065}.Release|Any CPU.Build.0 = Release|Any CPU
		{7FEC5917-4189-4E4F-9380-BAF60FEE1065}.Release|x86.ActiveCfg = Release|Any CPU
		{7FEC5917-4189-4E4F-9380-BAF60FEE1065}.Release|x86.Build.0 = Release|Any CPU
	EndGlobalSection
	GlobalSection(SolutionProperties) = preSolution
		HideSolutionNode = FALSE
	EndGlobalSection
	GlobalSection(ExtensibilityGlobals) = postSolution
		SolutionGuid = {5CC1DB7C-6B7E-417A-964E-D8D536ADE090}
	EndGlobalSection
EndGlobal
